
Microsoft Visual Studio Solution File, Format Version 12.00
# Visual Studio 15
VisualStudioVersion = 15.0.28307.757
MinimumVisualStudioVersion = 10.0.40219.1
Project("{FAE04EC0-301F-11D3-BF4B-00C04F79EFBC}") = "BasicPrograms", "BasicPrograms\BasicPrograms.csproj", "{21A8CB18-729E-4054-9AB7-624F074F906F}"
EndProject
Global
	GlobalSection(SolutionConfigurationPlatforms) = preSolution
		Debug|Any CPU = Debug|Any CPU
		Release|Any CPU = Release|Any CPU
	EndGlobalSection
	GlobalSection(ProjectConfigurationPlatforms) = postSolution
		{21A8CB18-729E-4054-9AB7-624F074F906F}.Debug|Any CPU.ActiveCfg = Debug|Any CPU
		{21A8CB18-729E-4054-9AB7-624F074F906F}.Debug|Any CPU.Build.0 = Debug|Any CPU
		{21A8CB18-729E-4054-9AB7-624F074F906F}.Release|Any CPU.ActiveCfg = Release|Any CPU
		{21A8CB18-729E-4054-9AB7-624F074F906F}.Release|Any CPU.Build.0 = Release|Any CPU
	EndGlobalSection
	GlobalSection(SolutionProperties) = preSolution
		HideSolutionNode = FALSE
	EndGlobalSection
	GlobalSection(ExtensibilityGlobals) = postSolution
		SolutionGuid = {BE479DA1-F8CC-40A3-8DE8-95B14F480D42}
	EndGlobalSection
EndGlobal
