
Microsoft Visual Studio Solution File, Format Version 12.00
# Visual Studio 15
VisualStudioVersion = 15.0.28307.757
MinimumVisualStudioVersion = 10.0.40219.1
Project("{FAE04EC0-301F-11D3-BF4B-00C04F79EFBC}") = "JUnitPrograms", "JUnitPrograms\JUnitPrograms.csproj", "{CBE3866F-A367-4DA6-9EC3-D5C7D6848623}"
EndProject
Global
	GlobalSection(SolutionConfigurationPlatforms) = preSolution
		Debug|Any CPU = Debug|Any CPU
		Release|Any CPU = Release|Any CPU
	EndGlobalSection
	GlobalSection(ProjectConfigurationPlatforms) = postSolution
		{CBE3866F-A367-4DA6-9EC3-D5C7D6848623}.Debug|Any CPU.ActiveCfg = Debug|Any CPU
		{CBE3866F-A367-4DA6-9EC3-D5C7D6848623}.Debug|Any CPU.Build.0 = Debug|Any CPU
		{CBE3866F-A367-4DA6-9EC3-D5C7D6848623}.Release|Any CPU.ActiveCfg = Release|Any CPU
		{CBE3866F-A367-4DA6-9EC3-D5C7D6848623}.Release|Any CPU.Build.0 = Release|Any CPU
	EndGlobalSection
	GlobalSection(SolutionProperties) = preSolution
		HideSolutionNode = FALSE
	EndGlobalSection
	GlobalSection(ExtensibilityGlobals) = postSolution
		SolutionGuid = {6ADFED67-F858-448A-B2B3-16C4FE62EE77}
	EndGlobalSection
EndGlobal
