
Microsoft Visual Studio Solution File, Format Version 12.00
# Visual Studio 15
VisualStudioVersion = 15.0.28307.757
MinimumVisualStudioVersion = 10.0.40219.1
Project("{FAE04EC0-301F-11D3-BF4B-00C04F79EFBC}") = "LinkedList", "LinkedList\LinkedList.csproj", "{52284591-C47E-4BD7-9E72-F98C7FBCF0FF}"
EndProject
Project("{FAE04EC0-301F-11D3-BF4B-00C04F79EFBC}") = "Queue", "Queue\Queue.csproj", "{24FC2998-BC98-450A-A9CA-70963DE35292}"
EndProject
Project("{FAE04EC0-301F-11D3-BF4B-00C04F79EFBC}") = "Stack", "Stack\Stack.csproj", "{ED522F12-F42B-43FE-BEE8-319BDF89DE71}"
EndProject
Global
	GlobalSection(SolutionConfigurationPlatforms) = preSolution
		Debug|Any CPU = Debug|Any CPU
		Release|Any CPU = Release|Any CPU
	EndGlobalSection
	GlobalSection(ProjectConfigurationPlatforms) = postSolution
		{52284591-C47E-4BD7-9E72-F98C7FBCF0FF}.Debug|Any CPU.ActiveCfg = Debug|Any CPU
		{52284591-C47E-4BD7-9E72-F98C7FBCF0FF}.Debug|Any CPU.Build.0 = Debug|Any CPU
		{52284591-C47E-4BD7-9E72-F98C7FBCF0FF}.Release|Any CPU.ActiveCfg = Release|Any CPU
		{52284591-C47E-4BD7-9E72-F98C7FBCF0FF}.Release|Any CPU.Build.0 = Release|Any CPU
		{24FC2998-BC98-450A-A9CA-70963DE35292}.Debug|Any CPU.ActiveCfg = Debug|Any CPU
		{24FC2998-BC98-450A-A9CA-70963DE35292}.Debug|Any CPU.Build.0 = Debug|Any CPU
		{24FC2998-BC98-450A-A9CA-70963DE35292}.Release|Any CPU.ActiveCfg = Release|Any CPU
		{24FC2998-BC98-450A-A9CA-70963DE35292}.Release|Any CPU.Build.0 = Release|Any CPU
		{ED522F12-F42B-43FE-BEE8-319BDF89DE71}.Debug|Any CPU.ActiveCfg = Debug|Any CPU
		{ED522F12-F42B-43FE-BEE8-319BDF89DE71}.Debug|Any CPU.Build.0 = Debug|Any CPU
		{ED522F12-F42B-43FE-BEE8-319BDF89DE71}.Release|Any CPU.ActiveCfg = Release|Any CPU
		{ED522F12-F42B-43FE-BEE8-319BDF89DE71}.Release|Any CPU.Build.0 = Release|Any CPU
	EndGlobalSection
	GlobalSection(SolutionProperties) = preSolution
		HideSolutionNode = FALSE
	EndGlobalSection
	GlobalSection(ExtensibilityGlobals) = postSolution
		SolutionGuid = {7CBA85D0-2240-4CED-91EE-3C2B3FA569DF}
	EndGlobalSection
EndGlobal
