
Microsoft Visual Studio Solution File, Format Version 12.00
# Visual Studio 15
VisualStudioVersion = 15.0.28307.757
MinimumVisualStudioVersion = 10.0.40219.1
Project("{FAE04EC0-301F-11D3-BF4B-00C04F79EFBC}") = "OOPS", "OOPS\OOPS.csproj", "{056C6060-CD33-48CA-B437-AD8A2EDAD6E0}"
EndProject
Project("{FAE04EC0-301F-11D3-BF4B-00C04F79EFBC}") = "Stock Data Processing", "Stock Data Processing\Stock Data Processing.csproj", "{898BFDB3-52FE-40ED-8751-9CFDEB353DA6}"
EndProject
Project("{FAE04EC0-301F-11D3-BF4B-00C04F79EFBC}") = "test", "test\test.csproj", "{2FA416FA-CD5A-41AF-A0D7-F03B95C45BE5}"
EndProject
Global
	GlobalSection(SolutionConfigurationPlatforms) = preSolution
		Debug|Any CPU = Debug|Any CPU
		Release|Any CPU = Release|Any CPU
	EndGlobalSection
	GlobalSection(ProjectConfigurationPlatforms) = postSolution
		{056C6060-CD33-48CA-B437-AD8A2EDAD6E0}.Debug|Any CPU.ActiveCfg = Debug|Any CPU
		{056C6060-CD33-48CA-B437-AD8A2EDAD6E0}.Debug|Any CPU.Build.0 = Debug|Any CPU
		{056C6060-CD33-48CA-B437-AD8A2EDAD6E0}.Release|Any CPU.ActiveCfg = Release|Any CPU
		{056C6060-CD33-48CA-B437-AD8A2EDAD6E0}.Release|Any CPU.Build.0 = Release|Any CPU
		{898BFDB3-52FE-40ED-8751-9CFDEB353DA6}.Debug|Any CPU.ActiveCfg = Debug|Any CPU
		{898BFDB3-52FE-40ED-8751-9CFDEB353DA6}.Debug|Any CPU.Build.0 = Debug|Any CPU
		{898BFDB3-52FE-40ED-8751-9CFDEB353DA6}.Release|Any CPU.ActiveCfg = Release|Any CPU
		{898BFDB3-52FE-40ED-8751-9CFDEB353DA6}.Release|Any CPU.Build.0 = Release|Any CPU
		{2FA416FA-CD5A-41AF-A0D7-F03B95C45BE5}.Debug|Any CPU.ActiveCfg = Debug|Any CPU
		{2FA416FA-CD5A-41AF-A0D7-F03B95C45BE5}.Debug|Any CPU.Build.0 = Debug|Any CPU
		{2FA416FA-CD5A-41AF-A0D7-F03B95C45BE5}.Release|Any CPU.ActiveCfg = Release|Any CPU
		{2FA416FA-CD5A-41AF-A0D7-F03B95C45BE5}.Release|Any CPU.Build.0 = Release|Any CPU
	EndGlobalSection
	GlobalSection(SolutionProperties) = preSolution
		HideSolutionNode = FALSE
	EndGlobalSection
	GlobalSection(ExtensibilityGlobals) = postSolution
		SolutionGuid = {F16A252F-9BB9-4425-8DB9-98D8D2DEF475}
	EndGlobalSection
EndGlobal
