
Microsoft Visual Studio Solution File, Format Version 12.00
# Visual Studio 15
VisualStudioVersion = 15.0.28307.757
MinimumVisualStudioVersion = 10.0.40219.1
Project("{FAE04EC0-301F-11D3-BF4B-00C04F79EFBC}") = "AlgorithamPrograms", "AlgorithamPrograms\AlgorithamPrograms.csproj", "{8173D392-CEAB-4B27-A096-90B683EDA483}"
EndProject
Global
	GlobalSection(SolutionConfigurationPlatforms) = preSolution
		Debug|Any CPU = Debug|Any CPU
		Release|Any CPU = Release|Any CPU
	EndGlobalSection
	GlobalSection(ProjectConfigurationPlatforms) = postSolution
		{8173D392-CEAB-4B27-A096-90B683EDA483}.Debug|Any CPU.ActiveCfg = Debug|Any CPU
		{8173D392-CEAB-4B27-A096-90B683EDA483}.Debug|Any CPU.Build.0 = Debug|Any CPU
		{8173D392-CEAB-4B27-A096-90B683EDA483}.Release|Any CPU.ActiveCfg = Release|Any CPU
		{8173D392-CEAB-4B27-A096-90B683EDA483}.Release|Any CPU.Build.0 = Release|Any CPU
	EndGlobalSection
	GlobalSection(SolutionProperties) = preSolution
		HideSolutionNode = FALSE
	EndGlobalSection
	GlobalSection(ExtensibilityGlobals) = postSolution
		SolutionGuid = {DA377C08-DA2D-437E-9CAC-ED6A9201F27D}
	EndGlobalSection
EndGlobal
