
Microsoft Visual Studio Solution File, Format Version 12.00
# Visual Studio Version 16
VisualStudioVersion = 16.0.29519.87
MinimumVisualStudioVersion = 10.0.40219.1
Project("{FAE04EC0-301F-11D3-BF4B-00C04F79EFBC}") = "FundooApp", "FundooApp\FundooApp.csproj", "{A6B09DF9-A19A-4950-9B84-88D110A57250}"
EndProject
Global
	GlobalSection(SolutionConfigurationPlatforms) = preSolution
		Debug|Any CPU = Debug|Any CPU
		Release|Any CPU = Release|Any CPU
	EndGlobalSection
	GlobalSection(ProjectConfigurationPlatforms) = postSolution
		{A6B09DF9-A19A-4950-9B84-88D110A57250}.Debug|Any CPU.ActiveCfg = Debug|Any CPU
		{A6B09DF9-A19A-4950-9B84-88D110A57250}.Debug|Any CPU.Build.0 = Debug|Any CPU
		{A6B09DF9-A19A-4950-9B84-88D110A57250}.Release|Any CPU.ActiveCfg = Release|Any CPU
		{A6B09DF9-A19A-4950-9B84-88D110A57250}.Release|Any CPU.Build.0 = Release|Any CPU
	EndGlobalSection
	GlobalSection(SolutionProperties) = preSolution
		HideSolutionNode = FALSE
	EndGlobalSection
	GlobalSection(ExtensibilityGlobals) = postSolution
		SolutionGuid = {162867C8-4353-4244-A605-7B974F003202}
	EndGlobalSection
EndGlobal
